
Microsoft Visual Studio Solution File, Format Version 12.00
# Visual Studio Version 17
VisualStudioVersion = 17.14.37328.6 d17.14
MinimumVisualStudioVersion = 10.0.40219.1
Project("{FAE04EC0-301F-11D3-BF4B-00C04F79EFBC}") = "Fse.Net", "Fse.Net.csproj", "{03814CBE-F8BC-D2BA-5010-5DD05E20C4D3}"
EndProject
Global
	GlobalSection(SolutionConfigurationPlatforms) = preSolution
		Debug|Any CPU = Debug|Any CPU
		Release|Any CPU = Release|Any CPU
	EndGlobalSection
	GlobalSection(ProjectConfigurationPlatforms) = postSolution
		{03814CBE-F8BC-D2BA-5010-5DD05E20C4D3}.Debug|Any CPU.ActiveCfg = Debug|Any CPU
		{03814CBE-F8BC-D2BA-5010-5DD05E20C4D3}.Debug|Any CPU.Build.0 = Debug|Any CPU
		{03814CBE-F8BC-D2BA-5010-5DD05E20C4D3}.Release|Any CPU.ActiveCfg = Release|Any CPU
		{03814CBE-F8BC-D2BA-5010-5DD05E20C4D3}.Release|Any CPU.Build.0 = Release|Any CPU
	EndGlobalSection
	GlobalSection(SolutionProperties) = preSolution
		HideSolutionNode = FALSE
	EndGlobalSection
	GlobalSection(ExtensibilityGlobals) = postSolution
		SolutionGuid = {27416506-8990-488B-9849-CD1C25D27BAA}
	EndGlobalSection
EndGlobal
